// !$*UTF8*$!
{
	archiveVersion = 1;
	classes = {
	};
	objectVersion = 56;
	objects = {

/* Begin PBXBuildFile section */
		14F510172CFF8CFE00A77EAE /* AppDelegate.swift in Sources */ = {isa = PBXBuildFile; fileRef = 14F510162CFF8CFE00A77EAE /* AppDelegate.swift */; };
		14F510192CFF8CFE00A77EAE /* SceneDelegate.swift in Sources */ = {isa = PBXBuildFile; fileRef = 14F510182CFF8CFE00A77EAE /* SceneDelegate.swift */; };
		14F5101B2CFF8CFE00A77EAE /* ViewController.swift in Sources */ = {isa = PBXBuildFile; fileRef = 14F5101A2CFF8CFE00A77EAE /* ViewController.swift */; };
		14F5101E2CFF8CFE00A77EAE /* Main.storyboard in Resources */ = {isa = PBXBuildFile; fileRef = 14F5101C2CFF8CFE00A77EAE /* Main.storyboard */; };
		14F510202CFF8D0000A77EAE /* Assets.xcassets in Resources */ = {isa = PBXBuildFile; fileRef = 14F5101F2CFF8D0000A77EAE /* Assets.xcassets */; };
		14F510232CFF8D0000A77EAE /* LaunchScreen.storyboard in Resources */ = {isa = PBXBuildFile; fileRef = 14F510212CFF8D0000A77EAE /* LaunchScreen.storyboard */; };
		14F5102E2CFF8D0100A77EAE /* UdderTests.swift in Sources */ = {isa = PBXBuildFile; fileRef = 14F5102D2CFF8D0100A77EAE /* UdderTests.swift */; };
		14F510382CFF8D0100A77EAE /* UdderUITests.swift in Sources */ = {isa = PBXBuildFile; fileRef = 14F510372CFF8D0100A77EAE /* UdderUITests.swift */; };
		14F5103A2CFF8D0100A77EAE /* UdderUITestsLaunchTests.swift in Sources */ = {isa = PBXBuildFile; fileRef = 14F510392CFF8D0100A77EAE /* UdderUITestsLaunchTests.swift */; };
/* End PBXBuildFile section */

/* Begin PBXContainerItemProxy section */
		14F5102A2CFF8D0100A77EAE /* PBXContainerItemProxy */ = {
			isa = PBXContainerItemProxy;
			containerPortal = 14F5100B2CFF8CFE00A77EAE /* Project object */;
			proxyType = 1;
			remoteGlobalIDString = 14F510122CFF8CFE00A77EAE;
			remoteInfo = Udder;
		};
		14F510342CFF8D0100A77EAE /* PBXContainerItemProxy */ = {
			isa = PBXContainerItemProxy;
			containerPortal = 14F5100B2CFF8CFE00A77EAE /* Project object */;
			proxyType = 1;
			remoteGlobalIDString = 14F510122CFF8CFE00A77EAE;
			remoteInfo = Udder;
		};
/* End PBXContainerItemProxy section */

/* Begin PBXFileReference section */
		14F510132CFF8CFE00A77EAE /* Udder.app */ = {isa = PBXFileReference; explicitFileType = wrapper.application; includeInIndex = 0; path = Udder.app; sourceTree = BUILT_PRODUCTS_DIR; };
		14F510162CFF8CFE00A77EAE /* AppDelegate.swift */ = {isa = PBXFileReference; lastKnownFileType = sourcecode.swift; path = AppDelegate.swift; sourceTree = "<group>"; };
		14F510182CFF8CFE00A77EAE /* SceneDelegate.swift */ = {isa = PBXFileReference; lastKnownFileType = sourcecode.swift; path = SceneDelegate.swift; sourceTree = "<group>"; };
		14F5101A2CFF8CFE00A77EAE /* ViewController.swift */ = {isa = PBXFileReference; lastKnownFileType = sourcecode.swift; path = ViewController.swift; sourceTree = "<group>"; };
		14F5101D2CFF8CFE00A77EAE /* Base */ = {isa = PBXFileReference; lastKnownFileType = file.storyboard; name = Base; path = Base.lproj/Main.storyboard; sourceTree = "<group>"; };
		14F5101F2CFF8D0000A77EAE /* Assets.xcassets */ = {isa = PBXFileReference; lastKnownFileType = folder.assetcatalog; path = Assets.xcassets; sourceTree = "<group>"; };
		14F510222CFF8D0000A77EAE /* Base */ = {isa = PBXFileReference; lastKnownFileType = file.storyboard; name = Base; path = Base.lproj/LaunchScreen.storyboard; sourceTree = "<group>"; };
		14F510242CFF8D0000A77EAE /* Info.plist */ = {isa = PBXFileReference; lastKnownFileType = text.plist.xml; path = Info.plist; sourceTree = "<group>"; };
		14F510292CFF8D0100A77EAE /* UdderTests.xctest */ = {isa = PBXFileReference; explicitFileType = wrapper.cfbundle; includeInIndex = 0; path = UdderTests.xctest; sourceTree = BUILT_PRODUCTS_DIR; };
		14F5102D2CFF8D0100A77EAE /* UdderTests.swift */ = {isa = PBXFileReference; lastKnownFileType = sourcecode.swift; path = UdderTests.swift; sourceTree = "<group>"; };
		14F510332CFF8D0100A77EAE /* UdderUITests.xctest */ = {isa = PBXFileReference; explicitFileType = wrapper.cfbundle; includeInIndex = 0; path = UdderUITests.xctest; sourceTree = BUILT_PRODUCTS_DIR; };
		14F510372CFF8D0100A77EAE /* UdderUITests.swift */ = {isa = PBXFileReference; lastKnownFileType = sourcecode.swift; path = UdderUITests.swift; sourceTree = "<group>"; };
		14F510392CFF8D0100A77EAE /* UdderUITestsLaunchTests.swift */ = {isa = PBXFileReference; lastKnownFileType = sourcecode.swift; path = UdderUITestsLaunchTests.swift; sourceTree = "<group>"; };
/* End PBXFileReference section */

/* Begin PBXFrameworksBuildPhase section */
		14F510102CFF8CFE00A77EAE /* Frameworks */ = {
			isa = PBXFrameworksBuildPhase;
			buildActionMask = 2147483647;
			files = (
			);
			runOnlyForDeploymentPostprocessing = 0;
		};
		14F510262CFF8D0100A77EAE /* Frameworks */ = {
			isa = PBXFrameworksBuildPhase;
			buildActionMask = 2147483647;
			files = (
			);
			runOnlyForDeploymentPostprocessing = 0;
		};
		14F510302CFF8D0100A77EAE /* Frameworks */ = {
			isa = PBXFrameworksBuildPhase;
			buildActionMask = 2147483647;
			files = (
			);
			runOnlyForDeploymentPostprocessing = 0;
		};
/* End PBXFrameworksBuildPhase section */

/* Begin PBXGroup section */
		14F5100A2CFF8CFE00A77EAE = {
			isa = PBXGroup;
			children = (
				14F510152CFF8CFE00A77EAE /* Udder */,
				14F5102C2CFF8D0100A77EAE /* UdderTests */,
				14F510362CFF8D0100A77EAE /* UdderUITests */,
				14F510142CFF8CFE00A77EAE /* Products */,
			);
			sourceTree = "<group>";
		};
		14F510142CFF8CFE00A77EAE /* Products */ = {
			isa = PBXGroup;
			children = (
				14F510132CFF8CFE00A77EAE /* Udder.app */,
				14F510292CFF8D0100A77EAE /* UdderTests.xctest */,
				14F510332CFF8D0100A77EAE /* UdderUITests.xctest */,
			);
			name = Products;
			sourceTree = "<group>";
		};
		14F510152CFF8CFE00A77EAE /* Udder */ = {
			isa = PBXGroup;
			children = (
				14F510162CFF8CFE00A77EAE /* AppDelegate.swift */,
				14F510182CFF8CFE00A77EAE /* SceneDelegate.swift */,
				14F5101A2CFF8CFE00A77EAE /* ViewController.swift */,
				14F5101C2CFF8CFE00A77EAE /* Main.storyboard */,
				14F5101F2CFF8D0000A77EAE /* Assets.xcassets */,
				14F510212CFF8D0000A77EAE /* LaunchScreen.storyboard */,
				14F510242CFF8D0000A77EAE /* Info.plist */,
			);
			path = Udder;
			sourceTree = "<group>";
		};
		14F5102C2CFF8D0100A77EAE /* UdderTests */ = {
			isa = PBXGroup;
			children = (
				14F5102D2CFF8D0100A77EAE /* UdderTests.swift */,
			);
			path = UdderTests;
			sourceTree = "<group>";
		};
		14F510362CFF8D0100A77EAE /* UdderUITests */ = {
			isa = PBXGroup;
			children = (
				14F510372CFF8D0100A77EAE /* UdderUITests.swift */,
				14F510392CFF8D0100A77EAE /* UdderUITestsLaunchTests.swift */,
			);
			path = UdderUITests;
			sourceTree = "<group>";
		};
/* End PBXGroup section */

/* Begin PBXNativeTarget section */
		14F510122CFF8CFE00A77EAE /* Udder */ = {
			isa = PBXNativeTarget;
			buildConfigurationList = 14F5103D2CFF8D0100A77EAE /* Build configuration list for PBXNativeTarget "Udder" */;
			buildPhases = (
				14F5100F2CFF8CFE00A77EAE /* Sources */,
				14F510102CFF8CFE00A77EAE /* Frameworks */,
				14F510112CFF8CFE00A77EAE /* Resources */,
			);
			buildRules = (
			);
			dependencies = (
			);
			name = Udder;
			productName = Udder;
			productReference = 14F510132CFF8CFE00A77EAE /* Udder.app */;
			productType = "com.apple.product-type.application";
		};
		14F510282CFF8D0100A77EAE /* UdderTests */ = {
			isa = PBXNativeTarget;
			buildConfigurationList = 14F510402CFF8D0100A77EAE /* Build configuration list for PBXNativeTarget "UdderTests" */;
			buildPhases = (
				14F510252CFF8D0100A77EAE /* Sources */,
				14F510262CFF8D0100A77EAE /* Frameworks */,
				14F510272CFF8D0100A77EAE /* Resources */,
			);
			buildRules = (
			);
			dependencies = (
				14F5102B2CFF8D0100A77EAE /* PBXTargetDependency */,
			);
			name = UdderTests;
			productName = UdderTests;
			productReference = 14F510292CFF8D0100A77EAE /* UdderTests.xctest */;
			productType = "com.apple.product-type.bundle.unit-test";
		};
		14F510322CFF8D0100A77EAE /* UdderUITests */ = {
			isa = PBXNativeTarget;
			buildConfigurationList = 14F510432CFF8D0100A77EAE /* Build configuration list for PBXNativeTarget "UdderUITests" */;
			buildPhases = (
				14F5102F2CFF8D0100A77EAE /* Sources */,
				14F510302CFF8D0100A77EAE /* Frameworks */,
				14F510312CFF8D0100A77EAE /* Resources */,
			);
			buildRules = (
			);
			dependencies = (
				14F510352CFF8D0100A77EAE /* PBXTargetDependency */,
			);
			name = UdderUITests;
			productName = UdderUITests;
			productReference = 14F510332CFF8D0100A77EAE /* UdderUITests.xctest */;
			productType = "com.apple.product-type.bundle.ui-testing";
		};
/* End PBXNativeTarget section */

/* Begin PBXProject section */
		14F5100B2CFF8CFE00A77EAE /* Project object */ = {
			isa = PBXProject;
			attributes = {
				BuildIndependentTargetsInParallel = 1;
				LastSwiftUpdateCheck = 1520;
				LastUpgradeCheck = 1520;
				TargetAttributes = {
					14F510122CFF8CFE00A77EAE = {
						CreatedOnToolsVersion = 15.2;
					};
					14F510282CFF8D0100A77EAE = {
						CreatedOnToolsVersion = 15.2;
						TestTargetID = 14F510122CFF8CFE00A77EAE;
					};
					14F510322CFF8D0100A77EAE = {
						CreatedOnToolsVersion = 15.2;
						TestTargetID = 14F510122CFF8CFE00A77EAE;
					};
				};
			};
			buildConfigurationList = 14F5100E2CFF8CFE00A77EAE /* Build configuration list for PBXProject "Udder" */;
			compatibilityVersion = "Xcode 14.0";
			developmentRegion = en;
			hasScannedForEncodings = 0;
			knownRegions = (
				en,
				Base,
			);
			mainGroup = 14F5100A2CFF8CFE00A77EAE;
			productRefGroup = 14F510142CFF8CFE00A77EAE /* Products */;
			projectDirPath = "";
			projectRoot = "";
			targets = (
				14F510122CFF8CFE00A77EAE /* Udder */,
				14F510282CFF8D0100A77EAE /* UdderTests */,
				14F510322CFF8D0100A77EAE /* UdderUITests */,
			);
		};
/* End PBXProject section */

/* Begin PBXResourcesBuildPhase section */
		14F510112CFF8CFE00A77EAE /* Resources */ = {
			isa = PBXResourcesBuildPhase;
			buildActionMask = 2147483647;
			files = (
				14F510232CFF8D0000A77EAE /* LaunchScreen.storyboard in Resources */,
				14F510202CFF8D0000A77EAE /* Assets.xcassets in Resources */,
				14F5101E2CFF8CFE00A77EAE /* Main.storyboard in Resources */,
			);
			runOnlyForDeploymentPostprocessing = 0;
		};
		14F510272CFF8D0100A77EAE /* Resources */ = {
			isa = PBXResourcesBuildPhase;
			buildActionMask = 2147483647;
			files = (
			);
			runOnlyForDeploymentPostprocessing = 0;
		};
		14F510312CFF8D0100A77EAE /* Resources */ = {
			isa = PBXResourcesBuildPhase;
			buildActionMask = 2147483647;
			files = (
			);
			runOnlyForDeploymentPostprocessing = 0;
		};
/* End PBXResourcesBuildPhase section */

/* Begin PBXSourcesBuildPhase section */
		14F5100F2CFF8CFE00A77EAE /* Sources */ = {
			isa = PBXSourcesBuildPhase;
			buildActionMask = 2147483647;
			files = (
				14F5101B2CFF8CFE00A77EAE /* ViewController.swift in Sources */,
				14F510172CFF8CFE00A77EAE /* AppDelegate.swift in Sources */,
				14F510192CFF8CFE00A77EAE /* SceneDelegate.swift in Sources */,
			);
			runOnlyForDeploymentPostprocessing = 0;
		};
		14F510252CFF8D0100A77EAE /* Sources */ = {
			isa = PBXSourcesBuildPhase;
			buildActionMask = 2147483647;
			files = (
				14F5102E2CFF8D0100A77EAE /* UdderTests.swift in Sources */,
			);
			runOnlyForDeploymentPostprocessing = 0;
		};
		14F5102F2CFF8D0100A77EAE /* Sources */ = {
			isa = PBXSourcesBuildPhase;
			buildActionMask = 2147483647;
			files = (
				14F510382CFF8D0100A77EAE /* UdderUITests.swift in Sources */,
				14F5103A2CFF8D0100A77EAE /* UdderUITestsLaunchTests.swift in Sources */,
			);
			runOnlyForDeploymentPostprocessing = 0;
		};
/* End PBXSourcesBuildPhase section */

/* Begin PBXTargetDependency section */
		14F5102B2CFF8D0100A77EAE /* PBXTargetDependency */ = {
			isa = PBXTargetDependency;
			target = 14F510122CFF8CFE00A77EAE /* Udder */;
			targetProxy = 14F5102A2CFF8D0100A77EAE /* PBXContainerItemProxy */;
		};
		14F510352CFF8D0100A77EAE /* PBXTargetDependency */ = {
			isa = PBXTargetDependency;
			target = 14F510122CFF8CFE00A77EAE /* Udder */;
			targetProxy = 14F510342CFF8D0100A77EAE /* PBXContainerItemProxy */;
		};
/* End PBXTargetDependency section */

/* Begin PBXVariantGroup section */
		14F5101C2CFF8CFE00A77EAE /* Main.storyboard */ = {
			isa = PBXVariantGroup;
			children = (
				14F5101D2CFF8CFE00A77EAE /* Base */,
			);
			name = Main.storyboard;
			sourceTree = "<group>";
		};
		14F510212CFF8D0000A77EAE /* LaunchScreen.storyboard */ = {
			isa = PBXVariantGroup;
			children = (
				14F510222CFF8D0000A77EAE /* Base */,
			);
			name = LaunchScreen.storyboard;
			sourceTree = "<group>";
		};
/* End PBXVariantGroup section */

/* Begin XCBuildConfiguration section */
		14F5103B2CFF8D0100A77EAE /* Debug */ = {
			isa = XCBuildConfiguration;
			buildSettings = {
				ALWAYS_SEARCH_USER_PATHS = NO;
				ASSETCATALOG_COMPILER_GENERATE_SWIFT_ASSET_SYMBOL_EXTENSIONS = YES;
				CLANG_ANALYZER_NONNULL = YES;
				CLANG_ANALYZER_NUMBER_OBJECT_CONVERSION = YES_AGGRESSIVE;
				CLANG_CXX_LANGUAGE_STANDARD = "gnu++20";
				CLANG_ENABLE_MODULES = YES;
				CLANG_ENABLE_OBJC_ARC = YES;
				CLANG_ENABLE_OBJC_WEAK = YES;
				CLANG_WARN_BLOCK_CAPTURE_AUTORELEASING = YES;
				CLANG_WARN_BOOL_CONVERSION = YES;
				CLANG_WARN_COMMA = YES;
				CLANG_WARN_CONSTANT_CONVERSION = YES;
				CLANG_WARN_DEPRECATED_OBJC_IMPLEMENTATIONS = YES;
				CLANG_WARN_DIRECT_OBJC_ISA_USAGE = YES_ERROR;
				CLANG_WARN_DOCUMENTATION_COMMENTS = YES;
				CLANG_WARN_EMPTY_BODY = YES;
				CLANG_WARN_ENUM_CONVERSION = YES;
				CLANG_WARN_INFINITE_RECURSION = YES;
				CLANG_WARN_INT_CONVERSION = YES;
				CLANG_WARN_NON_LITERAL_NULL_CONVERSION = YES;
				CLANG_WARN_OBJC_IMPLICIT_RETAIN_SELF = YES;
				CLANG_WARN_OBJC_LITERAL_CONVERSION = YES;
				CLANG_WARN_OBJC_ROOT_CLASS = YES_ERROR;
				CLANG_WARN_QUOTED_INCLUDE_IN_FRAMEWORK_HEADER = YES;
				CLANG_WARN_RANGE_LOOP_ANALYSIS = YES;
				CLANG_WARN_STRICT_PROTOTYPES = YES;
				CLANG_WARN_SUSPICIOUS_MOVE = YES;
				CLANG_WARN_UNGUARDED_AVAILABILITY = YES_AGGRESSIVE;
				CLANG_WARN_UNREACHABLE_CODE = YES;
				CLANG_WARN__DUPLICATE_METHOD_MATCH = YES;
				COPY_PHASE_STRIP = NO;
				DEBUG_INFORMATION_FORMAT = dwarf;
				ENABLE_STRICT_OBJC_MSGSEND = YES;
				ENABLE_TESTABILITY = YES;
				ENABLE_USER_SCRIPT_SANDBOXING = YES;
				GCC_C_LANGUAGE_STANDARD = gnu17;
				GCC_DYNAMIC_NO_PIC = NO;
				GCC_NO_COMMON_BLOCKS = YES;
				GCC_OPTIMIZATION_LEVEL = 0;
				GCC_PREPROCESSOR_DEFINITIONS = (
					"DEBUG=1",
					"$(inherited)",
				);
				GCC_WARN_64_TO_32_BIT_CONVERSION = YES;
				GCC_WARN_ABOUT_RETURN_TYPE = YES_ERROR;
				GCC_WARN_UNDECLARED_SELECTOR = YES;
				GCC_WARN_UNINITIALIZED_AUTOS = YES_AGGRESSIVE;
				GCC_WARN_UNUSED_FUNCTION = YES;
				GCC_WARN_UNUSED_VARIABLE = YES;
				IPHONEOS_DEPLOYMENT_TARGET = 17.2;
				LOCALIZATION_PREFERS_STRING_CATALOGS = YES;
				MTL_ENABLE_DEBUG_INFO = INCLUDE_SOURCE;
				MTL_FAST_MATH = YES;
				ONLY_ACTIVE_ARCH = YES;
				SDKROOT = iphoneos;
				SWIFT_ACTIVE_COMPILATION_CONDITIONS = "DEBUG $(inherited)";
				SWIFT_OPTIMIZATION_LEVEL = "-Onone";
			};
			name = Debug;
		};
		14F5103C2CFF8D0100A77EAE /* Release */ = {
			isa = XCBuildConfiguration;
			buildSettings = {
				ALWAYS_SEARCH_USER_PATHS = NO;
				ASSETCATALOG_COMPILER_GENERATE_SWIFT_ASSET_SYMBOL_EXTENSIONS = YES;
				CLANG_ANALYZER_NONNULL = YES;
				CLANG_ANALYZER_NUMBER_OBJECT_CONVERSION = YES_AGGRESSIVE;
				CLANG_CXX_LANGUAGE_STANDARD = "gnu++20";
				CLANG_ENABLE_MODULES = YES;
				CLANG_ENABLE_OBJC_ARC = YES;
				CLANG_ENABLE_OBJC_WEAK = YES;
				CLANG_WARN_BLOCK_CAPTURE_AUTORELEASING = YES;
				CLANG_WARN_BOOL_CONVERSION = YES;
				CLANG_WARN_COMMA = YES;
				CLANG_WARN_CONSTANT_CONVERSION = YES;
				CLANG_WARN_DEPRECATED_OBJC_IMPLEMENTATIONS = YES;
				CLANG_WARN_DIRECT_OBJC_ISA_USAGE = YES_ERROR;
				CLANG_WARN_DOCUMENTATION_COMMENTS = YES;
				CLANG_WARN_EMPTY_BODY = YES;
				CLANG_WARN_ENUM_CONVERSION = YES;
				CLANG_WARN_INFINITE_RECURSION = YES;
				CLANG_WARN_INT_CONVERSION = YES;
				CLANG_WARN_NON_LITERAL_NULL_CONVERSION = YES;
				CLANG_WARN_OBJC_IMPLICIT_RETAIN_SELF = YES;
				CLANG_WARN_OBJC_LITERAL_CONVERSION = YES;
				CLANG_WARN_OBJC_ROOT_CLASS = YES_ERROR;
				CLANG_WARN_QUOTED_INCLUDE_IN_FRAMEWORK_HEADER = YES;
				CLANG_WARN_RANGE_LOOP_ANALYSIS = YES;
				CLANG_WARN_STRICT_PROTOTYPES = YES;
				CLANG_WARN_SUSPICIOUS_MOVE = YES;
				CLANG_WARN_UNGUARDED_AVAILABILITY = YES_AGGRESSIVE;
				CLANG_WARN_UNREACHABLE_CODE = YES;
				CLANG_WARN__DUPLICATE_METHOD_MATCH = YES;
				COPY_PHASE_STRIP = NO;
				DEBUG_INFORMATION_FORMAT = "dwarf-with-dsym";
				ENABLE_NS_ASSERTIONS = NO;
				ENABLE_STRICT_OBJC_MSGSEND = YES;
				ENABLE_USER_SCRIPT_SANDBOXING = YES;
				GCC_C_LANGUAGE_STANDARD = gnu17;
				GCC_NO_COMMON_BLOCKS = YES;
				GCC_WARN_64_TO_32_BIT_CONVERSION = YES;
				GCC_WARN_ABOUT_RETURN_TYPE = YES_ERROR;
				GCC_WARN_UNDECLARED_SELECTOR = YES;
				GCC_WARN_UNINITIALIZED_AUTOS = YES_AGGRESSIVE;
				GCC_WARN_UNUSED_FUNCTION = YES;
				GCC_WARN_UNUSED_VARIABLE = YES;
				IPHONEOS_DEPLOYMENT_TARGET = 17.2;
				LOCALIZATION_PREFERS_STRING_CATALOGS = YES;
				MTL_ENABLE_DEBUG_INFO = NO;
				MTL_FAST_MATH = YES;
				SDKROOT = iphoneos;
				SWIFT_COMPILATION_MODE = wholemodule;
				VALIDATE_PRODUCT = YES;
			};
			name = Release;
		};
		14F5103E2CFF8D0100A77EAE /* Debug */ = {
			isa = XCBuildConfiguration;
			buildSettings = {
				ASSETCATALOG_COMPILER_APPICON_NAME = AppIcon;
				ASSETCATALOG_COMPILER_GLOBAL_ACCENT_COLOR_NAME = AccentColor;
				CODE_SIGN_STYLE = Automatic;
				CURRENT_PROJECT_VERSION = 1;
				GENERATE_INFOPLIST_FILE = YES;
				INFOPLIST_FILE = Udder/Info.plist;
				INFOPLIST_KEY_UIApplicationSupportsIndirectInputEvents = YES;
				INFOPLIST_KEY_UILaunchStoryboardName = LaunchScreen;
				INFOPLIST_KEY_UIMainStoryboardFile = Main;
				INFOPLIST_KEY_UISupportedInterfaceOrientations_iPad = "UIInterfaceOrientationPortrait UIInterfaceOrientationPortraitUpsideDown UIInterfaceOrientationLandscapeLeft UIInterfaceOrientationLandscapeRight";
				INFOPLIST_KEY_UISupportedInterfaceOrientations_iPhone = "UIInterfaceOrientationPortrait UIInterfaceOrientationLandscapeLeft UIInterfaceOrientationLandscapeRight";
				LD_RUNPATH_SEARCH_PATHS = (
					"$(inherited)",
					"@executable_path/Frameworks",
				);
				MARKETING_VERSION = 1.0;
				PRODUCT_BUNDLE_IDENTIFIER = com.hayleyhhh.Udder;
				PRODUCT_NAME = "$(TARGET_NAME)";
				SWIFT_EMIT_LOC_STRINGS = YES;
				SWIFT_VERSION = 5.0;
				TARGETED_DEVICE_FAMILY = "1,2";
			};
			name = Debug;
		};
		14F5103F2CFF8D0100A77EAE /* Release */ = {
			isa = XCBuildConfiguration;
			buildSettings = {
				ASSETCATALOG_COMPILER_APPICON_NAME = AppIcon;
				ASSETCATALOG_COMPILER_GLOBAL_ACCENT_COLOR_NAME = AccentColor;
				CODE_SIGN_STYLE = Automatic;
				CURRENT_PROJECT_VERSION = 1;
				GENERATE_INFOPLIST_FILE = YES;
				INFOPLIST_FILE = Udder/Info.plist;
				INFOPLIST_KEY_UIApplicationSupportsIndirectInputEvents = YES;
				INFOPLIST_KEY_UILaunchStoryboardName = LaunchScreen;
				INFOPLIST_KEY_UIMainStoryboardFile = Main;
				INFOPLIST_KEY_UISupportedInterfaceOrientations_iPad = "UIInterfaceOrientationPortrait UIInterfaceOrientationPortraitUpsideDown UIInterfaceOrientationLandscapeLeft UIInterfaceOrientationLandscapeRight";
				INFOPLIST_KEY_UISupportedInterfaceOrientations_iPhone = "UIInterfaceOrientationPortrait UIInterfaceOrientationLandscapeLeft UIInterfaceOrientationLandscapeRight";
				LD_RUNPATH_SEARCH_PATHS = (
					"$(inherited)",
					"@executable_path/Frameworks",
				);
				MARKETING_VERSION = 1.0;
				PRODUCT_BUNDLE_IDENTIFIER = com.hayleyhhh.Udder;
				PRODUCT_NAME = "$(TARGET_NAME)";
				SWIFT_EMIT_LOC_STRINGS = YES;
				SWIFT_VERSION = 5.0;
				TARGETED_DEVICE_FAMILY = "1,2";
			};
			name = Release;
		};
		14F510412CFF8D0100A77EAE /* Debug */ = {
			isa = XCBuildConfiguration;
			buildSettings = {
				ALWAYS_EMBED_SWIFT_STANDARD_LIBRARIES = YES;
				BUNDLE_LOADER = "$(TEST_HOST)";
				CODE_SIGN_STYLE = Automatic;
				CURRENT_PROJECT_VERSION = 1;
				GENERATE_INFOPLIST_FILE = YES;
				IPHONEOS_DEPLOYMENT_TARGET = 17.2;
				MARKETING_VERSION = 1.0;
				PRODUCT_BUNDLE_IDENTIFIER = com.hayleyhhh.UdderTests;
				PRODUCT_NAME = "$(TARGET_NAME)";
				SWIFT_EMIT_LOC_STRINGS = NO;
				SWIFT_VERSION = 5.0;
				TARGETED_DEVICE_FAMILY = "1,2";
				TEST_HOST = "$(BUILT_PRODUCTS_DIR)/Udder.app/$(BUNDLE_EXECUTABLE_FOLDER_PATH)/Udder";
			};
			name = Debug;
		};
		14F510422CFF8D0100A77EAE /* Release */ = {
			isa = XCBuildConfiguration;
			buildSettings = {
				ALWAYS_EMBED_SWIFT_STANDARD_LIBRARIES = YES;
				BUNDLE_LOADER = "$(TEST_HOST)";
				CODE_SIGN_STYLE = Automatic;
				CURRENT_PROJECT_VERSION = 1;
				GENERATE_INFOPLIST_FILE = YES;
				IPHONEOS_DEPLOYMENT_TARGET = 17.2;
				MARKETING_VERSION = 1.0;
				PRODUCT_BUNDLE_IDENTIFIER = com.hayleyhhh.UdderTests;
				PRODUCT_NAME = "$(TARGET_NAME)";
				SWIFT_EMIT_LOC_STRINGS = NO;
				SWIFT_VERSION = 5.0;
				TARGETED_DEVICE_FAMILY = "1,2";
				TEST_HOST = "$(BUILT_PRODUCTS_DIR)/Udder.app/$(BUNDLE_EXECUTABLE_FOLDER_PATH)/Udder";
			};
			name = Release;
		};
		14F510442CFF8D0100A77EAE /* Debug */ = {
			isa = XCBuildConfiguration;
			buildSettings = {
				ALWAYS_EMBED_SWIFT_STANDARD_LIBRARIES = YES;
				CODE_SIGN_STYLE = Automatic;
				CURRENT_PROJECT_VERSION = 1;
				GENERATE_INFOPLIST_FILE = YES;
				MARKETING_VERSION = 1.0;
				PRODUCT_BUNDLE_IDENTIFIER = com.hayleyhhh.UdderUITests;
				PRODUCT_NAME = "$(TARGET_NAME)";
				SWIFT_EMIT_LOC_STRINGS = NO;
				SWIFT_VERSION = 5.0;
				TARGETED_DEVICE_FAMILY = "1,2";
				TEST_TARGET_NAME = Udder;
			};
			name = Debug;
		};
		14F510452CFF8D0100A77EAE /* Release */ = {
			isa = XCBuildConfiguration;
			buildSettings = {
				ALWAYS_EMBED_SWIFT_STANDARD_LIBRARIES = YES;
				CODE_SIGN_STYLE = Automatic;
				CURRENT_PROJECT_VERSION = 1;
				GENERATE_INFOPLIST_FILE = YES;
				MARKETING_VERSION = 1.0;
				PRODUCT_BUNDLE_IDENTIFIER = com.hayleyhhh.UdderUITests;
				PRODUCT_NAME = "$(TARGET_NAME)";
				SWIFT_EMIT_LOC_STRINGS = NO;
				SWIFT_VERSION = 5.0;
				TARGETED_DEVICE_FAMILY = "1,2";
				TEST_TARGET_NAME = Udder;
			};
			name = Release;
		};
/* End XCBuildConfiguration section */

/* Begin XCConfigurationList section */
		14F5100E2CFF8CFE00A77EAE /* Build configuration list for PBXProject "Udder" */ = {
			isa = XCConfigurationList;
			buildConfigurations = (
				14F5103B2CFF8D0100A77EAE /* Debug */,
				14F5103C2CFF8D0100A77EAE /* Release */,
			);
			defaultConfigurationIsVisible = 0;
			defaultConfigurationName = Release;
		};
		14F5103D2CFF8D0100A77EAE /* Build configuration list for PBXNativeTarget "Udder" */ = {
			isa = XCConfigurationList;
			buildConfigurations = (
				14F5103E2CFF8D0100A77EAE /* Debug */,
				14F5103F2CFF8D0100A77EAE /* Release */,
			);
			defaultConfigurationIsVisible = 0;
			defaultConfigurationName = Release;
		};
		14F510402CFF8D0100A77EAE /* Build configuration list for PBXNativeTarget "UdderTests" */ = {
			isa = XCConfigurationList;
			buildConfigurations = (
				14F510412CFF8D0100A77EAE /* Debug */,
				14F510422CFF8D0100A77EAE /* Release */,
			);
			defaultConfigurationIsVisible = 0;
			defaultConfigurationName = Release;
		};
		14F510432CFF8D0100A77EAE /* Build configuration list for PBXNativeTarget "UdderUITests" */ = {
			isa = XCConfigurationList;
			buildConfigurations = (
				14F510442CFF8D0100A77EAE /* Debug */,
				14F510452CFF8D0100A77EAE /* Release */,
			);
			defaultConfigurationIsVisible = 0;
			defaultConfigurationName = Release;
		};
/* End XCConfigurationList section */
	};
	rootObject = 14F5100B2CFF8CFE00A77EAE /* Project object */;
}
